
Microsoft Visual Studio Solution File, Format Version 12.00
# Visual Studio Version 17
VisualStudioVersion = 17.0.32112.339
MinimumVisualStudioVersion = 10.0.40219.1
Project("{FAE04EC0-301F-11D3-BF4B-00C04F79EFBC}") = "CSI 124 Method Hiding Assignment", "CSI 124 Method Hiding Assignment\CSI 124 Method Hiding Assignment.csproj", "{1ABA9928-E1AD-47C3-A703-B34B0204ED6D}"
EndProject
Global
	GlobalSection(SolutionConfigurationPlatforms) = preSolution
		Debug|Any CPU = Debug|Any CPU
		Release|Any CPU = Release|Any CPU
	EndGlobalSection
	GlobalSection(ProjectConfigurationPlatforms) = postSolution
		{1ABA9928-E1AD-47C3-A703-B34B0204ED6D}.Debug|Any CPU.ActiveCfg = Debug|Any CPU
		{1ABA9928-E1AD-47C3-A703-B34B0204ED6D}.Debug|Any CPU.Build.0 = Debug|Any CPU
		{1ABA9928-E1AD-47C3-A703-B34B0204ED6D}.Release|Any CPU.ActiveCfg = Release|Any CPU
		{1ABA9928-E1AD-47C3-A703-B34B0204ED6D}.Release|Any CPU.Build.0 = Release|Any CPU
	EndGlobalSection
	GlobalSection(SolutionProperties) = preSolution
		HideSolutionNode = FALSE
	EndGlobalSection
	GlobalSection(ExtensibilityGlobals) = postSolution
		SolutionGuid = {FA9E6CB2-CD41-4C64-A533-48D64119F3F0}
	EndGlobalSection
EndGlobal
